Microsoft Visual Studio Solution File, Format Version 12.00
# Visual Studio Version 17
VisualStudioVersion = 17.5.2.0
MinimumVisualStudioVersion = 10.0.40219.1
Project("{FAE04EC0-301F-11D3-BF4B-00C04F79EFBC}") = "ServiceProject", "server\ServiceProject.csproj", "{648A2BA9-8217-AC35-5960-4FBB1D4423EA}"
EndProject
Global
	GlobalSection(SolutionConfigurationPlatforms) = preSolution
		Debug|Any CPU = Debug|Any CPU
		Release|Any CPU = Release|Any CPU
	EndGlobalSection
	GlobalSection(ProjectConfigurationPlatforms) = postSolution
		{648A2BA9-8217-AC35-5960-4FBB1D4423EA}.Debug|Any CPU.ActiveCfg = Debug|Any CPU
		{648A2BA9-8217-AC35-5960-4FBB1D4423EA}.Debug|Any CPU.Build.0 = Debug|Any CPU
		{648A2BA9-8217-AC35-5960-4FBB1D4423EA}.Release|Any CPU.ActiveCfg = Release|Any CPU
		{648A2BA9-8217-AC35-5960-4FBB1D4423EA}.Release|Any CPU.Build.0 = Release|Any CPU
	EndGlobalSection
	GlobalSection(SolutionProperties) = preSolution
		HideSolutionNode = FALSE
	EndGlobalSection
	GlobalSection(ExtensibilityGlobals) = postSolution
		SolutionGuid = {687A8828-8F87-48B4-B07E-F165676C1602}
	EndGlobalSection
EndGlobal
